
Microsoft Visual Studio Solution File, Format Version 12.00
# Visual Studio 15
VisualStudioVersion = 15.0.28307.168
MinimumVisualStudioVersion = 10.0.40219.1
Project("{9A19103F-16F7-4668-BE54-9A1E7A4F7556}") = "StadionstatsApi", "StadionstatsApi.csproj", "{5C16F089-E1E7-44EE-BF0B-4F133FCC855F}"
EndProject
Global
	GlobalSection(SolutionConfigurationPlatforms) = preSolution
		Debug|Any CPU = Debug|Any CPU
		Release|Any CPU = Release|Any CPU
	EndGlobalSection
	GlobalSection(ProjectConfigurationPlatforms) = postSolution
		{5C16F089-E1E7-44EE-BF0B-4F133FCC855F}.Debug|Any CPU.ActiveCfg = Debug|Any CPU
		{5C16F089-E1E7-44EE-BF0B-4F133FCC855F}.Debug|Any CPU.Build.0 = Debug|Any CPU
		{5C16F089-E1E7-44EE-BF0B-4F133FCC855F}.Release|Any CPU.ActiveCfg = Release|Any CPU
		{5C16F089-E1E7-44EE-BF0B-4F133FCC855F}.Release|Any CPU.Build.0 = Release|Any CPU
	EndGlobalSection
	GlobalSection(SolutionProperties) = preSolution
		HideSolutionNode = FALSE
	EndGlobalSection
	GlobalSection(ExtensibilityGlobals) = postSolution
		SolutionGuid = {F99FD138-F4C1-4E3B-B1E2-7E076E1D2162}
	EndGlobalSection
EndGlobal
